github.com/aymanbagabas/go-osc52 v1.2.1/go.mod h1:zT8H+Rk4VSabYN90pWyugflM3ZhpTZNC7cASDfUCdT4=
github.com/aymanbagabas/go-osc52 v1.2.2 h1:NT7wkhEhPTcKnBCdPi9djmyy9L3JOL4+3SsfJyqptCo=
github.com/aymanbagabas/go-osc52 v1.2.2/go.mod h1:zT8H+Rk4VSabYN90pWyugflM3ZhpTZNC7cASDfUCdT4=
github.com/davecgh/go-spew v1.1.1 h1:vj9j/u1bqnvCEfJOwUhtlOARqs3+rkHYY13jYWTU97c=
github.com/domonda/go-encjson v0.0.0-20210830085227-1beee57a72d8 h1:fKtb4cd3cTeioONoavHmcJ8R1zWbU3cVzt2pXHhYWOs=
github.com/domonda/go-encjson v0.0.0-20210830085227-1beee57a72d8/go.mod h1:i9MgoQ+iTNvBGS63YftEDoNsr6dW6lAefUibkoCdMS4=
github.com/domonda/go-errs v0.0.0-20230207132857-bf0bda36a13a h1:5AcAgYGu1ayZP1+V8W8+CFxCh8Si5u82Xp9mKArFNss=
github.com/domonda/go-pretty v0.0.0-20220317123925-dd9e6bef129a h1:6/Is0KGl5Ot3E8ZLAgAFWYiSRdU+3t3jL38+5yIlCV4=
github.com/domonda/go-types v0.0.0-20230218120848-a48cfd6869c1 h1:vtdhc3dr8UHodWjGha2pkyRFzfEqvZ+7LK2A3XSWit4=
github.com/domonda/go-types v0.0.0-20230218120848-a48cfd6869c1/go.mod h1:oZMN5kztmvCTnoaBA2BWOkcMHhp3lggOwp8Xp3V7kRs=
github.com/domonda/golog v0.0.0-20230209193912-756abaea086f h1:ImOhWfTcSkPqPS8y5D8tOEsBGxCaTFrUrC6zj84mxYY=
github.com/domonda/golog v0.0.0-20230209193912-756abaea086f/go.mod h1:QytvBrTcIoTukZJpkXV133/b/ft95Mvp6WQkffZVKh4=
github.com/fatih/color v1.14.1 h1:qfhVLaG5s+nCROl1zJsZRxFeYrHLqWroPOQ8BWiNb4w=
github.com/fatih/color v1.14.1/go.mod h1:2oHN61fhTpgcxD3TSWCgKDiH1+x4OiDVVGH8WlgGZGg=
github.com/fsnotify/fsnotify v1.6.0 h1:n+5WquG0fcWoWp6xPWfHdbskMCQaFnG6PfBrh1Ky4HY=
github.com/fsnotify/fsnotify v1.6.0/go.mod h1:sl3t1tCWJFWoRz9R8WJCbQihKKwmorjAbSClcnxKAGw=
github.com/h2non/filetype v1.1.3 h1:FKkx9QbD7HR/zjK1Ia5XiBsq9zdLi5Kf3zGyFTAFkGg=
github.com/h2non/filetype v1.1.3/go.mod h1:319b3zT68BvV+WRj7cwy856M2ehB3HqNOt6sy1HndBY=
github.com/lucasb-eyer/go-colorful v1.2.0 h1:1nnpGOrhyZZuNyfu1QjKiUICQ74+3FNCN69Aj6K7nkY=
github.com/lucasb-eyer/go-colorful v1.2.0/go.mod h1:R4dSotOR9KMtayYi1e77YzuveK+i7ruzyGqttikkLy0=
github.com/mattn/go-colorable v0.1.13 h1:fFA4WZxdEF4tXPZVKMLwD8oUnCTTo08duU7wxecdEvA=
github.com/mattn/go-colorable v0.1.13/go.mod h1:7S9/ev0klgBDR4GtXTXX8a3vIGJpMovkB8vQcUbaXHg=
github.com/mattn/go-isatty v0.0.16/go.mod h1:kYGgaQfpe5nmfYZH+SKPsOc2e4SrIfOl2e/yFXSvRLM=
github.com/mattn/go-isatty v0.0.17 h1:BTarxUcIeDqL27Mc+vyvdWYSL28zpIhv3RoTdsLMPng=
github.com/mattn/go-isatty v0.0.17/go.mod h1:kYGgaQfpe5nmfYZH+SKPsOc2e4SrIfOl2e/yFXSvRLM=
github.com/mattn/go-runewidth v0.0.14 h1:+xnbZSEeDbOIg5/mE6JF0w6n9duR1l3/WmbinWVwUuU=
github.com/mattn/go-runewidth v0.0.14/go.mod h1:Jdepj2loyihRzMpdS35Xk/zdY8IAYHsh153qUoGf23w=
github.com/muesli/termenv v0.14.0 h1:8x9NFfOe8lmIWK4pgy3IfVEy47f+ppe3tUqdPZG2Uy0=
github.com/muesli/termenv v0.14.0/go.mod h1:kG/pF1E7fh949Xhe156crRUrHNyK221IuGO7Ez60Uc8=
github.com/pmezard/go-difflib v1.0.0 h1:4DBwDE0NGyQoBHbLQYPwSUPoCMWR5BEzIk/f1lZbAQM=
github.com/rivo/uniseg v0.2.0/go.mod h1:J6wj4VEh+S6ZtnVlnTBMWIodfgj8LQOQFoIToxlJtxc=
github.com/rivo/uniseg v0.4.4 h1:8TfxU8dW6PdqD27gjM8MVNuicgxIjxpm4K7x4jp8sis=
github.com/rivo/uniseg v0.4.4/go.mod h1:FN3SvrM+Zdj16jyLfmOkMNblXMcoc8DfTHruCPUcx88=
github.com/stretchr/testify v1.8.1 h1:w7B6lhMri9wdJUVmEZPGGhZzrYTPvgJArz7wNPgYKsk=
github.com/ungerik/go-fs v0.0.0-20230206141012-abb864f815e3 h1:IEm9Je1L3HAIEwiXOuGgJuUPjXXHzf/1e704VyIbcGc=
github.com/ungerik/go-fs v0.0.0-20230206141012-abb864f815e3/go.mod h1:wSSvK/VAz72bLlVrZvSBzPrSHSawjVpyoNW7LorFDww=
github.com/ungerik/go-httpx v0.0.0-20230212172431-5e4cf2e098cc h1:ztzHafiJ1Yu6RxE+jS/h6DlFKUS/kl2DEBAURM/G3dU=
github.com/ungerik/go-httpx v0.0.0-20230212172431-5e4cf2e098cc/go.mod h1:lmKZrbxy5ypCbOkFANz0TQWE4dw9EN0S2WKdAexBbZM=
golang.org/x/exp v0.0.0-20230224173230-c95f2b4c22f2 h1:Jvc7gsqn21cJHCmAWx0LiimpP18LZmUxkT5Mp7EZ1mI=
golang.org/x/exp v0.0.0-20230224173230-c95f2b4c22f2/go.mod h1:CxIveKay+FTh1D0yPZemJVgC/95VzuuOLq5Qi4xnoYc=
golang.org/x/sys v0.0.0-20220811171246-fbc7d0a398ab/go.mod h1:oPkhp1MJrh7nUepCBck5+mAzfO9JrbApNNgaTdGDITg=
golang.org/x/sys v0.0.0-20220908164124-27713097b956/go.mod h1:oPkhp1MJrh7nUepCBck5+mAzfO9JrbApNNgaTdGDITg=
golang.org/x/sys v0.5.0 h1:MUK/U/4lj1t1oPg0HfuXDN/Z1wv31ZJ/YcPiGccS4DU=
golang.org/x/sys v0.5.0/go.mod h1:oPkhp1MJrh7nUepCBck5+mAzfO9JrbApNNgaTdGDITg=
gopkg.in/yaml.v3 v3.0.1 h1:fxVm/GzAzEWqLHuvctI91KS9hhNmmWOoWu0XTYJS7CA=
