github.com/aymanbagabas/go-osc52/v2 v2.0.1 h1:HwpRHbFMcZLEVr42D4p7XBqjyuxQH5SMiErDT4WkJ2k=
github.com/aymanbagabas/go-osc52/v2 v2.0.1/go.mod h1:uYgXzlJ7ZpABp8OJ+exZzJJhRNQ2ASbcXHWsFqH8hp8=
github.com/davecgh/go-spew v1.1.1 h1:vj9j/u1bqnvCEfJOwUhtlOARqs3+rkHYY13jYWTU97c=
github.com/davecgh/go-spew v1.1.1/go.mod h1:J7Y8YcW2NihsgmVo/mv3lAwl/skON4iLHjSsI+c5H38=
github.com/domonda/go-encjson v0.0.0-20210830085227-1beee57a72d8 h1:fKtb4cd3cTeioONoavHmcJ8R1zWbU3cVzt2pXHhYWOs=
github.com/domonda/go-encjson v0.0.0-20210830085227-1beee57a72d8/go.mod h1:i9MgoQ+iTNvBGS63YftEDoNsr6dW6lAefUibkoCdMS4=
github.com/domonda/go-errs v0.0.0-20230810132956-1b6272f9fc8f h1:OQaXlKXZc52Vsz7iH23NhddeMr0niW0tetB8Fq3k4yQ=
github.com/domonda/go-errs v0.0.0-20230810132956-1b6272f9fc8f/go.mod h1:DYkFE3rxUGhTCMmR5MpQ2NTtoCPiORdjBATGkIEeGKM=
github.com/domonda/go-pretty v0.0.0-20230810130018-8920f571470a h1:b3a6MwwMrHR9dw6585e3Ky51T50OKuD3fRuLyh8ziEw=
github.com/domonda/go-pretty v0.0.0-20230810130018-8920f571470a/go.mod h1:3QkM8UJdyJMeKZiIo7hYzSkQBpRS3k0gOHw4ysyEIB4=
github.com/domonda/go-types v0.0.0-20230810134814-bd15ee23faf5 h1:hILmOg7w0+ozEd/AXCiGlCt0MsnD7cp5drmrq2D3xtc=
github.com/domonda/go-types v0.0.0-20230810134814-bd15ee23faf5/go.mod h1:qMSeU/23ZUopt+1kY0pJ27iqNRtsY1jATQklyCyLRAU=
github.com/domonda/golog v0.0.0-20230810134614-42a3dac1f72e h1:7jMXXSN+ch6DCA1xas68Cxoen1kH/q1FHQMnH7BnHY4=
github.com/domonda/golog v0.0.0-20230810134614-42a3dac1f72e/go.mod h1:E2p1JPDitRUSZZ34QTkkrLbcz/YAhbf8WLI+y+TWZYQ=
github.com/fsnotify/fsnotify v1.6.0 h1:n+5WquG0fcWoWp6xPWfHdbskMCQaFnG6PfBrh1Ky4HY=
github.com/fsnotify/fsnotify v1.6.0/go.mod h1:sl3t1tCWJFWoRz9R8WJCbQihKKwmorjAbSClcnxKAGw=
github.com/h2non/filetype v1.1.3 h1:FKkx9QbD7HR/zjK1Ia5XiBsq9zdLi5Kf3zGyFTAFkGg=
github.com/h2non/filetype v1.1.3/go.mod h1:319b3zT68BvV+WRj7cwy856M2ehB3HqNOt6sy1HndBY=
github.com/lucasb-eyer/go-colorful v1.2.0 h1:1nnpGOrhyZZuNyfu1QjKiUICQ74+3FNCN69Aj6K7nkY=
github.com/lucasb-eyer/go-colorful v1.2.0/go.mod h1:R4dSotOR9KMtayYi1e77YzuveK+i7ruzyGqttikkLy0=
github.com/mattn/go-isatty v0.0.19 h1:JITubQf0MOLdlGRuRq+jtsDlekdYPia9ZFsB8h/APPA=
github.com/mattn/go-isatty v0.0.19/go.mod h1:W+V8PltTTMOvKvAeJH7IuucS94S2C6jfK/D7dTCTo3Y=
github.com/mattn/go-runewidth v0.0.15 h1:UNAjwbU9l54TA3KzvqLGxwWjHmMgBUVhBiTjelZgg3U=
github.com/mattn/go-runewidth v0.0.15/go.mod h1:Jdepj2loyihRzMpdS35Xk/zdY8IAYHsh153qUoGf23w=
github.com/muesli/termenv v0.15.2 h1:GohcuySI0QmI3wN8Ok9PtKGkgkFIk7y6Vpb5PvrY+Wo=
github.com/muesli/termenv v0.15.2/go.mod h1:Epx+iuz8sNs7mNKhxzH4fWXGNpZwUaJKRS1noLXviQ8=
github.com/pmezard/go-difflib v1.0.0 h1:4DBwDE0NGyQoBHbLQYPwSUPoCMWR5BEzIk/f1lZbAQM=
github.com/pmezard/go-difflib v1.0.0/go.mod h1:iKH77koFhYxTK1pcRnkKkqfTogsbg7gZNVY4sRDYZ/4=
github.com/rivo/uniseg v0.2.0/go.mod h1:J6wj4VEh+S6ZtnVlnTBMWIodfgj8LQOQFoIToxlJtxc=
github.com/rivo/uniseg v0.4.4 h1:8TfxU8dW6PdqD27gjM8MVNuicgxIjxpm4K7x4jp8sis=
github.com/rivo/uniseg v0.4.4/go.mod h1:FN3SvrM+Zdj16jyLfmOkMNblXMcoc8DfTHruCPUcx88=
github.com/stretchr/testify v1.8.4 h1:CcVxjf3Q8PM0mHUKJCdn+eZZtm5yQwehR5yeSVQQcUk=
github.com/stretchr/testify v1.8.4/go.mod h1:sz/lmYIOXD/1dqDmKjjqLyZ2RngseejIcXlSw2iwfAo=
github.com/ungerik/go-fs v0.0.0-20230810132455-f7ff27f6fa2b h1:hZ/Tp1sn1oRwYqIZfjpfUp8N+5e3LGk32O8OAMh9VOk=
github.com/ungerik/go-fs v0.0.0-20230810132455-f7ff27f6fa2b/go.mod h1:P8k1DG+Ox0KP4MFNTSPd8ojoDUwXjrWdGjsssF6vT/g=
github.com/ungerik/go-httpx v0.0.0-20230622152103-7bb636597356 h1:vN8FIce+59qtRe/G1xiDioVF2EK1jTaxsCrPGjyK1iM=
github.com/ungerik/go-httpx v0.0.0-20230622152103-7bb636597356/go.mod h1:lmKZrbxy5ypCbOkFANz0TQWE4dw9EN0S2WKdAexBbZM=
golang.org/x/sys v0.0.0-20220908164124-27713097b956/go.mod h1:oPkhp1MJrh7nUepCBck5+mAzfO9JrbApNNgaTdGDITg=
golang.org/x/sys v0.6.0/go.mod h1:oPkhp1MJrh7nUepCBck5+mAzfO9JrbApNNgaTdGDITg=
golang.org/x/sys v0.11.0 h1:eG7RXZHdqOJ1i+0lgLgCpSXAp6M3LYlAo6osgSi0xOM=
golang.org/x/sys v0.11.0/go.mod h1:oPkhp1MJrh7nUepCBck5+mAzfO9JrbApNNgaTdGDITg=
gopkg.in/yaml.v3 v3.0.1 h1:fxVm/GzAzEWqLHuvctI91KS9hhNmmWOoWu0XTYJS7CA=
gopkg.in/yaml.v3 v3.0.1/go.mod h1:K4uyk7z7BCEPqu6E+C64Yfv1cQ7kz7rIZviUmN+EgEM=
