github.com/aymanbagabas/go-osc52/v2 v2.0.1 h1:HwpRHbFMcZLEVr42D4p7XBqjyuxQH5SMiErDT4WkJ2k=
github.com/aymanbagabas/go-osc52/v2 v2.0.1/go.mod h1:uYgXzlJ7ZpABp8OJ+exZzJJhRNQ2ASbcXHWsFqH8hp8=
github.com/davecgh/go-spew v1.1.1 h1:vj9j/u1bqnvCEfJOwUhtlOARqs3+rkHYY13jYWTU97c=
github.com/davecgh/go-spew v1.1.1/go.mod h1:J7Y8YcW2NihsgmVo/mv3lAwl/skON4iLHjSsI+c5H38=
github.com/domonda/go-encjson v0.0.0-20210830085227-1beee57a72d8 h1:fKtb4cd3cTeioONoavHmcJ8R1zWbU3cVzt2pXHhYWOs=
github.com/domonda/go-encjson v0.0.0-20210830085227-1beee57a72d8/go.mod h1:i9MgoQ+iTNvBGS63YftEDoNsr6dW6lAefUibkoCdMS4=
github.com/domonda/go-errs v0.0.0-20240702051036-0e696c849b5f h1:9CZgqCVP/7eixUjU+A+ozHo+oxRKJSkFgRtakoB5byc=
github.com/domonda/go-errs v0.0.0-20240702051036-0e696c849b5f/go.mod h1:qLWt1z3aIg12+Dbxu9bMydFOHEi92vWE7vAHcHLd8n8=
github.com/domonda/go-pretty v0.0.0-20240110134850-17385799142f h1:5eA74m451PqlqCXyJzWXp95Quj4PZ6Lm/ndKBuiNhe4=
github.com/domonda/go-pretty v0.0.0-20240110134850-17385799142f/go.mod h1:3QkM8UJdyJMeKZiIo7hYzSkQBpRS3k0gOHw4ysyEIB4=
github.com/domonda/go-types v0.0.0-20240925100910-0aa0f7734ec7 h1:AV5e1/SxBxezdSwZgQYc1C/20NQ7gIrkloXUReOKUaQ=
github.com/domonda/go-types v0.0.0-20240925100910-0aa0f7734ec7/go.mod h1:QfZG5NrNWDrwcqOp3ZlNh2XaLjZI1ncNpGPAa9MIUUE=
github.com/domonda/go-types v0.0.0-20241104173616-e85c6dede426 h1:pWWcXqt8jvIGsqpo+o2RPe1Rx5lyFRj6lUKN2sTJ+rU=
github.com/domonda/go-types v0.0.0-20241104173616-e85c6dede426/go.mod h1:QfZG5NrNWDrwcqOp3ZlNh2XaLjZI1ncNpGPAa9MIUUE=
github.com/domonda/golog v0.0.0-20240925101313-c38b0dfc75bd h1:yJo9aMSMI8YOTQEKrEqQShmXGNLoxyufzhQqRxDy5/M=
github.com/domonda/golog v0.0.0-20240925101313-c38b0dfc75bd/go.mod h1:UNeTY/uuEpjiykfVqP80xmp3uPwv/g6Dv4x8QqPXLCA=
github.com/domonda/golog v0.0.0-20241106153329-5502a8a71ca9 h1:wKC502yxzOYhhBUFzXGmFraiVX9TrCen9xayxuDFonM=
github.com/domonda/golog v0.0.0-20241106153329-5502a8a71ca9/go.mod h1:D8+CA9tLhOQ+tsqW8IejOnp8Aix4eK8GXJs6cgxmSOs=
github.com/fsnotify/fsnotify v1.7.0 h1:8JEhPFa5W2WU7YfeZzPNqzMP6Lwt7L2715Ggo0nosvA=
github.com/fsnotify/fsnotify v1.7.0/go.mod h1:40Bi/Hjc2AVfZrqy+aj+yEI+/bRxZnMJyTJwOpGvigM=
github.com/fsnotify/fsnotify v1.8.0 h1:dAwr6QBTBZIkG8roQaJjGof0pp0EeF+tNV7YBP3F/8M=
github.com/fsnotify/fsnotify v1.8.0/go.mod h1:8jBTzvmWwFyi3Pb8djgCCO5IBqzKJ/Jwo8TRcHyHii0=
github.com/h2non/filetype v1.1.3 h1:FKkx9QbD7HR/zjK1Ia5XiBsq9zdLi5Kf3zGyFTAFkGg=
github.com/h2non/filetype v1.1.3/go.mod h1:319b3zT68BvV+WRj7cwy856M2ehB3HqNOt6sy1HndBY=
github.com/lucasb-eyer/go-colorful v1.2.0 h1:1nnpGOrhyZZuNyfu1QjKiUICQ74+3FNCN69Aj6K7nkY=
github.com/lucasb-eyer/go-colorful v1.2.0/go.mod h1:R4dSotOR9KMtayYi1e77YzuveK+i7ruzyGqttikkLy0=
github.com/mattn/go-isatty v0.0.20 h1:xfD0iDuEKnDkl03q4limB+vH+GxLEtL/jb4xVJSWWEY=
github.com/mattn/go-isatty v0.0.20/go.mod h1:W+V8PltTTMOvKvAeJH7IuucS94S2C6jfK/D7dTCTo3Y=
github.com/mattn/go-runewidth v0.0.16 h1:E5ScNMtiwvlvB5paMFdw9p4kSQzbXFikJ5SQO6TULQc=
github.com/mattn/go-runewidth v0.0.16/go.mod h1:Jdepj2loyihRzMpdS35Xk/zdY8IAYHsh153qUoGf23w=
github.com/muesli/termenv v0.15.2 h1:GohcuySI0QmI3wN8Ok9PtKGkgkFIk7y6Vpb5PvrY+Wo=
github.com/muesli/termenv v0.15.2/go.mod h1:Epx+iuz8sNs7mNKhxzH4fWXGNpZwUaJKRS1noLXviQ8=
github.com/pmezard/go-difflib v1.0.0 h1:4DBwDE0NGyQoBHbLQYPwSUPoCMWR5BEzIk/f1lZbAQM=
github.com/pmezard/go-difflib v1.0.0/go.mod h1:iKH77koFhYxTK1pcRnkKkqfTogsbg7gZNVY4sRDYZ/4=
github.com/rivo/uniseg v0.2.0/go.mod h1:J6wj4VEh+S6ZtnVlnTBMWIodfgj8LQOQFoIToxlJtxc=
github.com/rivo/uniseg v0.4.7 h1:WUdvkW8uEhrYfLC4ZzdpI2ztxP1I582+49Oc5Mq64VQ=
github.com/rivo/uniseg v0.4.7/go.mod h1:FN3SvrM+Zdj16jyLfmOkMNblXMcoc8DfTHruCPUcx88=
github.com/stretchr/testify v1.9.0 h1:HtqpIVDClZ4nwg75+f6Lvsy/wHu+3BoSGCbBAcpTsTg=
github.com/stretchr/testify v1.9.0/go.mod h1:r2ic/lqez/lEtzL7wO/rwa5dbSLXVDPFyf8C91i36aY=
github.com/ungerik/go-fs v0.0.0-20240919125757-1b6f933a416d h1:71JniF82NUc6v7nBx23OMSzdYiV5phxvTIU8XsRMdnU=
github.com/ungerik/go-fs v0.0.0-20240919125757-1b6f933a416d/go.mod h1:nMIa35zyLzk4K3tTLL+AAsOZ9Q+0lgX/lxYubEwCZSY=
github.com/ungerik/go-fs v0.0.0-20241107165605-bbc6e91b3706 h1:3GK19kz3bJa9mL3j6CnQhIcjAM9PYfbhp1HRYw6yD/I=
github.com/ungerik/go-fs v0.0.0-20241107165605-bbc6e91b3706/go.mod h1:5e5pAtKSTbP0JOwYsKcVZS081IkuqOxdt4/V1sUjPgk=
github.com/ungerik/go-httpx v0.0.0-20240110134719-544aadceddba h1:GQhOu9ke+CXSEUXYsbLiQ0tds20qJFkS1u66vTwsyoU=
github.com/ungerik/go-httpx v0.0.0-20240110134719-544aadceddba/go.mod h1:Cctscwwqb3M9Y4ev3DxsDfPoAAJSco8uFtgxm0xfD3s=
golang.org/x/sys v0.6.0/go.mod h1:oPkhp1MJrh7nUepCBck5+mAzfO9JrbApNNgaTdGDITg=
golang.org/x/sys v0.25.0 h1:r+8e+loiHxRqhXVl6ML1nO3l1+oFoWbnlu2Ehimmi34=
golang.org/x/sys v0.25.0/go.mod h1:/VUhepiaJMQUp4+oa/7Zr1D23ma6VTLIYjOOTFZPUcA=
golang.org/x/sys v0.27.0 h1:wBqf8DvsY9Y/2P8gAfPDEYNuS30J4lPHJxXSb/nJZ+s=
golang.org/x/sys v0.27.0/go.mod h1:/VUhepiaJMQUp4+oa/7Zr1D23ma6VTLIYjOOTFZPUcA=
gopkg.in/yaml.v3 v3.0.1 h1:fxVm/GzAzEWqLHuvctI91KS9hhNmmWOoWu0XTYJS7CA=
gopkg.in/yaml.v3 v3.0.1/go.mod h1:K4uyk7z7BCEPqu6E+C64Yfv1cQ7kz7rIZviUmN+EgEM=
